
Microsoft Visual Studio Solution File, Format Version 12.00
# Visual Studio Version 17
VisualStudioVersion = 17.2.32602.215
MinimumVisualStudioVersion = 10.0.40219.1
Project("{FAE04EC0-301F-11D3-BF4B-00C04F79EFBC}") = "WebApplication2", "WebApplication2\WebApplication2.csproj", "{2CF90183-FD5C-4A50-8D3D-086CF4A95E71}"
EndProject
Global
	GlobalSection(SolutionConfigurationPlatforms) = preSolution
		Debug|Any CPU = Debug|Any CPU
		Release|Any CPU = Release|Any CPU
	EndGlobalSection
	GlobalSection(ProjectConfigurationPlatforms) = postSolution
		{2CF90183-FD5C-4A50-8D3D-086CF4A95E71}.Debug|Any CPU.ActiveCfg = Debug|Any CPU
		{2CF90183-FD5C-4A50-8D3D-086CF4A95E71}.Debug|Any CPU.Build.0 = Debug|Any CPU
		{2CF90183-FD5C-4A50-8D3D-086CF4A95E71}.Release|Any CPU.ActiveCfg = Release|Any CPU
		{2CF90183-FD5C-4A50-8D3D-086CF4A95E71}.Release|Any CPU.Build.0 = Release|Any CPU
	EndGlobalSection
	GlobalSection(SolutionProperties) = preSolution
		HideSolutionNode = FALSE
	EndGlobalSection
	GlobalSection(ExtensibilityGlobals) = postSolution
		SolutionGuid = {11C63BFB-5E15-4520-8748-C759AC0456B2}
	EndGlobalSection
EndGlobal
